// !$*UTF8*$!
{
	archiveVersion = 1;
	classes = {
	};
	objectVersion = 50;
	objects = {

/* Begin PBXBuildFile section */
		207A2DCD2201EA8200CBC752 /* HttpMethodModel.swift in Sources */ = {isa = PBXBuildFile; fileRef = 207A2DCC2201EA8200CBC752 /* HttpMethodModel.swift */; };
		20AFAF4821FE791000660B4C /* AppDelegate.swift in Sources */ = {isa = PBXBuildFile; fileRef = 20AFAF4721FE791000660B4C /* AppDelegate.swift */; };
		20AFAF4A21FE791000660B4C /* ViewController.swift in Sources */ = {isa = PBXBuildFile; fileRef = 20AFAF4921FE791000660B4C /* ViewController.swift */; };
		20AFAF4D21FE791000660B4C /* Main.storyboard in Resources */ = {isa = PBXBuildFile; fileRef = 20AFAF4B21FE791000660B4C /* Main.storyboard */; };
		20AFAF4F21FE791200660B4C /* Assets.xcassets in Resources */ = {isa = PBXBuildFile; fileRef = 20AFAF4E21FE791200660B4C /* Assets.xcassets */; };
		20AFAF5221FE791200660B4C /* LaunchScreen.storyboard in Resources */ = {isa = PBXBuildFile; fileRef = 20AFAF5021FE791200660B4C /* LaunchScreen.storyboard */; };
/* End PBXBuildFile section */

/* Begin PBXFileReference section */
		207A2DCC2201EA8200CBC752 /* HttpMethodModel.swift */ = {isa = PBXFileReference; lastKnownFileType = sourcecode.swift; path = HttpMethodModel.swift; sourceTree = "<group>"; };
		20AFAF4421FE791000660B4C /* AcilDurum.app */ = {isa = PBXFileReference; explicitFileType = wrapper.application; includeInIndex = 0; path = AcilDurum.app; sourceTree = BUILT_PRODUCTS_DIR; };
		20AFAF4721FE791000660B4C /* AppDelegate.swift */ = {isa = PBXFileReference; lastKnownFileType = sourcecode.swift; path = AppDelegate.swift; sourceTree = "<group>"; };
		20AFAF4921FE791000660B4C /* ViewController.swift */ = {isa = PBXFileReference; lastKnownFileType = sourcecode.swift; path = ViewController.swift; sourceTree = "<group>"; };
		20AFAF4C21FE791000660B4C /* Base */ = {isa = PBXFileReference; lastKnownFileType = file.storyboard; name = Base; path = Base.lproj/Main.storyboard; sourceTree = "<group>"; };
		20AFAF4E21FE791200660B4C /* Assets.xcassets */ = {isa = PBXFileReference; lastKnownFileType = folder.assetcatalog; path = Assets.xcassets; sourceTree = "<group>"; };
		20AFAF5121FE791200660B4C /* Base */ = {isa = PBXFileReference; lastKnownFileType = file.storyboard; name = Base; path = Base.lproj/LaunchScreen.storyboard; sourceTree = "<group>"; };
		20AFAF5321FE791200660B4C /* Info.plist */ = {isa = PBXFileReference; lastKnownFileType = text.plist.xml; path = Info.plist; sourceTree = "<group>"; };
/* End PBXFileReference section */

/* Begin PBXFrameworksBuildPhase section */
		20AFAF4121FE791000660B4C /* Frameworks */ = {
			isa = PBXFrameworksBuildPhase;
			buildActionMask = 2147483647;
			files = (
			);
			runOnlyForDeploymentPostprocessing = 0;
		};
/* End PBXFrameworksBuildPhase section */

/* Begin PBXGroup section */
		20AFAF3B21FE791000660B4C = {
			isa = PBXGroup;
			children = (
				20AFAF4621FE791000660B4C /* AcilDurum */,
				20AFAF4521FE791000660B4C /* Products */,
			);
			sourceTree = "<group>";
		};
		20AFAF4521FE791000660B4C /* Products */ = {
			isa = PBXGroup;
			children = (
				20AFAF4421FE791000660B4C /* AcilDurum.app */,
			);
			name = Products;
			sourceTree = "<group>";
		};
		20AFAF4621FE791000660B4C /* AcilDurum */ = {
			isa = PBXGroup;
			children = (
				20AFAF4721FE791000660B4C /* AppDelegate.swift */,
				20AFAF4921FE791000660B4C /* ViewController.swift */,
				20AFAF4B21FE791000660B4C /* Main.storyboard */,
				20AFAF4E21FE791200660B4C /* Assets.xcassets */,
				20AFAF5021FE791200660B4C /* LaunchScreen.storyboard */,
				20AFAF5321FE791200660B4C /* Info.plist */,
				207A2DCC2201EA8200CBC752 /* HttpMethodModel.swift */,
			);
			path = AcilDurum;
			sourceTree = "<group>";
		};
/* End PBXGroup section */

/* Begin PBXNativeTarget section */
		20AFAF4321FE791000660B4C /* AcilDurum */ = {
			isa = PBXNativeTarget;
			buildConfigurationList = 20AFAF5621FE791200660B4C /* Build configuration list for PBXNativeTarget "AcilDurum" */;
			buildPhases = (
				20AFAF4021FE791000660B4C /* Sources */,
				20AFAF4121FE791000660B4C /* Frameworks */,
				20AFAF4221FE791000660B4C /* Resources */,
			);
			buildRules = (
			);
			dependencies = (
			);
			name = AcilDurum;
			productName = AcilDurum;
			productReference = 20AFAF4421FE791000660B4C /* AcilDurum.app */;
			productType = "com.apple.product-type.application";
		};
/* End PBXNativeTarget section */

/* Begin PBXProject section */
		20AFAF3C21FE791000660B4C /* Project object */ = {
			isa = PBXProject;
			attributes = {
				LastSwiftUpdateCheck = 1010;
				LastUpgradeCheck = 1010;
				ORGANIZATIONNAME = mdt;
				TargetAttributes = {
					20AFAF4321FE791000660B4C = {
						CreatedOnToolsVersion = 10.1;
					};
				};
			};
			buildConfigurationList = 20AFAF3F21FE791000660B4C /* Build configuration list for PBXProject "AcilDurum" */;
			compatibilityVersion = "Xcode 9.3";
			developmentRegion = en;
			hasScannedForEncodings = 0;
			knownRegions = (
				en,
				Base,
			);
			mainGroup = 20AFAF3B21FE791000660B4C;
			productRefGroup = 20AFAF4521FE791000660B4C /* Products */;
			projectDirPath = "";
			projectRoot = "";
			targets = (
				20AFAF4321FE791000660B4C /* AcilDurum */,
			);
		};
/* End PBXProject section */

/* Begin PBXResourcesBuildPhase section */
		20AFAF4221FE791000660B4C /* Resources */ = {
			isa = PBXResourcesBuildPhase;
			buildActionMask = 2147483647;
			files = (
				20AFAF5221FE791200660B4C /* LaunchScreen.storyboard in Resources */,
				20AFAF4F21FE791200660B4C /* Assets.xcassets in Resources */,
				20AFAF4D21FE791000660B4C /* Main.storyboard in Resources */,
			);
			runOnlyForDeploymentPostprocessing = 0;
		};
/* End PBXResourcesBuildPhase section */

/* Begin PBXSourcesBuildPhase section */
		20AFAF4021FE791000660B4C /* Sources */ = {
			isa = PBXSourcesBuildPhase;
			buildActionMask = 2147483647;
			files = (
				207A2DCD2201EA8200CBC752 /* HttpMethodModel.swift in Sources */,
				20AFAF4A21FE791000660B4C /* ViewController.swift in Sources */,
				20AFAF4821FE791000660B4C /* AppDelegate.swift in Sources */,
			);
			runOnlyForDeploymentPostprocessing = 0;
		};
/* End PBXSourcesBuildPhase section */

/* Begin PBXVariantGroup section */
		20AFAF4B21FE791000660B4C /* Main.storyboard */ = {
			isa = PBXVariantGroup;
			children = (
				20AFAF4C21FE791000660B4C /* Base */,
			);
			name = Main.storyboard;
			sourceTree = "<group>";
		};
		20AFAF5021FE791200660B4C /* LaunchScreen.storyboard */ = {
			isa = PBXVariantGroup;
			children = (
				20AFAF5121FE791200660B4C /* Base */,
			);
			name = LaunchScreen.storyboard;
			sourceTree = "<group>";
		};
/* End PBXVariantGroup section */

/* Begin XCBuildConfiguration section */
		20AFAF5421FE791200660B4C /* Debug */ = {
			isa = XCBuildConfiguration;
			buildSettings = {
				ALWAYS_SEARCH_USER_PATHS = NO;
				CLANG_ANALYZER_NONNULL = YES;
				CLANG_ANALYZER_NUMBER_OBJECT_CONVERSION = YES_AGGRESSIVE;
				CLANG_CXX_LANGUAGE_STANDARD = "gnu++14";
				CLANG_CXX_LIBRARY = "libc++";
				CLANG_ENABLE_MODULES = YES;
				CLANG_ENABLE_OBJC_ARC = YES;
				CLANG_ENABLE_OBJC_WEAK = YES;
				CLANG_WARN_BLOCK_CAPTURE_AUTORELEASING = YES;
				CLANG_WARN_BOOL_CONVERSION = YES;
				CLANG_WARN_COMMA = YES;
				CLANG_WARN_CONSTANT_CONVERSION = YES;
				CLANG_WARN_DEPRECATED_OBJC_IMPLEMENTATIONS = YES;
				CLANG_WARN_DIRECT_OBJC_ISA_USAGE = YES_ERROR;
				CLANG_WARN_DOCUMENTATION_COMMENTS = YES;
				CLANG_WARN_EMPTY_BODY = YES;
				CLANG_WARN_ENUM_CONVERSION = YES;
				CLANG_WARN_INFINITE_RECURSION = YES;
				CLANG_WARN_INT_CONVERSION = YES;
				CLANG_WARN_NON_LITERAL_NULL_CONVERSION = YES;
				CLANG_WARN_OBJC_IMPLICIT_RETAIN_SELF = YES;
				CLANG_WARN_OBJC_LITERAL_CONVERSION = YES;
				CLANG_WARN_OBJC_ROOT_CLASS = YES_ERROR;
				CLANG_WARN_RANGE_LOOP_ANALYSIS = YES;
				CLANG_WARN_STRICT_PROTOTYPES = YES;
				CLANG_WARN_SUSPICIOUS_MOVE = YES;
				CLANG_WARN_UNGUARDED_AVAILABILITY = YES_AGGRESSIVE;
				CLANG_WARN_UNREACHABLE_CODE = YES;
				CLANG_WARN__DUPLICATE_METHOD_MATCH = YES;
				CODE_SIGN_IDENTITY = "iPhone Developer";
				COPY_PHASE_STRIP = NO;
				DEBUG_INFORMATION_FORMAT = dwarf;
				ENABLE_STRICT_OBJC_MSGSEND = YES;
				ENABLE_TESTABILITY = YES;
				GCC_C_LANGUAGE_STANDARD = gnu11;
				GCC_DYNAMIC_NO_PIC = NO;
				GCC_NO_COMMON_BLOCKS = YES;
				GCC_OPTIMIZATION_LEVEL = 0;
				GCC_PREPROCESSOR_DEFINITIONS = (
					"DEBUG=1",
					"$(inherited)",
				);
				GCC_WARN_64_TO_32_BIT_CONVERSION = YES;
				GCC_WARN_ABOUT_RETURN_TYPE = YES_ERROR;
				GCC_WARN_UNDECLARED_SELECTOR = YES;
				GCC_WARN_UNINITIALIZED_AUTOS = YES_AGGRESSIVE;
				GCC_WARN_UNUSED_FUNCTION = YES;
				GCC_WARN_UNUSED_VARIABLE = YES;
				IPHONEOS_DEPLOYMENT_TARGET = 12.1;
				MTL_ENABLE_DEBUG_INFO = INCLUDE_SOURCE;
				MTL_FAST_MATH = YES;
				ONLY_ACTIVE_ARCH = YES;
				SDKROOT = iphoneos;
				SWIFT_ACTIVE_COMPILATION_CONDITIONS = DEBUG;
				SWIFT_OPTIMIZATION_LEVEL = "-Onone";
			};
			name = Debug;
		};
		20AFAF5521FE791200660B4C /* Release */ = {
			isa = XCBuildConfiguration;
			buildSettings = {
				ALWAYS_SEARCH_USER_PATHS = NO;
				CLANG_ANALYZER_NONNULL = YES;
				CLANG_ANALYZER_NUMBER_OBJECT_CONVERSION = YES_AGGRESSIVE;
				CLANG_CXX_LANGUAGE_STANDARD = "gnu++14";
				CLANG_CXX_LIBRARY = "libc++";
				CLANG_ENABLE_MODULES = YES;
				CLANG_ENABLE_OBJC_ARC = YES;
				CLANG_ENABLE_OBJC_WEAK = YES;
				CLANG_WARN_BLOCK_CAPTURE_AUTORELEASING = YES;
				CLANG_WARN_BOOL_CONVERSION = YES;
				CLANG_WARN_COMMA = YES;
				CLANG_WARN_CONSTANT_CONVERSION = YES;
				CLANG_WARN_DEPRECATED_OBJC_IMPLEMENTATIONS = YES;
				CLANG_WARN_DIRECT_OBJC_ISA_USAGE = YES_ERROR;
				CLANG_WARN_DOCUMENTATION_COMMENTS = YES;
				CLANG_WARN_EMPTY_BODY = YES;
				CLANG_WARN_ENUM_CONVERSION = YES;
				CLANG_WARN_INFINITE_RECURSION = YES;
				CLANG_WARN_INT_CONVERSION = YES;
				CLANG_WARN_NON_LITERAL_NULL_CONVERSION = YES;
				CLANG_WARN_OBJC_IMPLICIT_RETAIN_SELF = YES;
				CLANG_WARN_OBJC_LITERAL_CONVERSION = YES;
				CLANG_WARN_OBJC_ROOT_CLASS = YES_ERROR;
				CLANG_WARN_RANGE_LOOP_ANALYSIS = YES;
				CLANG_WARN_STRICT_PROTOTYPES = YES;
				CLANG_WARN_SUSPICIOUS_MOVE = YES;
				CLANG_WARN_UNGUARDED_AVAILABILITY = YES_AGGRESSIVE;
				CLANG_WARN_UNREACHABLE_CODE = YES;
				CLANG_WARN__DUPLICATE_METHOD_MATCH = YES;
				CODE_SIGN_IDENTITY = "iPhone Developer";
				COPY_PHASE_STRIP = NO;
				DEBUG_INFORMATION_FORMAT = "dwarf-with-dsym";
				ENABLE_NS_ASSERTIONS = NO;
				ENABLE_STRICT_OBJC_MSGSEND = YES;
				GCC_C_LANGUAGE_STANDARD = gnu11;
				GCC_NO_COMMON_BLOCKS = YES;
				GCC_WARN_64_TO_32_BIT_CONVERSION = YES;
				GCC_WARN_ABOUT_RETURN_TYPE = YES_ERROR;
				GCC_WARN_UNDECLARED_SELECTOR = YES;
				GCC_WARN_UNINITIALIZED_AUTOS = YES_AGGRESSIVE;
				GCC_WARN_UNUSED_FUNCTION = YES;
				GCC_WARN_UNUSED_VARIABLE = YES;
				IPHONEOS_DEPLOYMENT_TARGET = 12.1;
				MTL_ENABLE_DEBUG_INFO = NO;
				MTL_FAST_MATH = YES;
				SDKROOT = iphoneos;
				SWIFT_COMPILATION_MODE = wholemodule;
				SWIFT_OPTIMIZATION_LEVEL = "-O";
				VALIDATE_PRODUCT = YES;
			};
			name = Release;
		};
		20AFAF5721FE791200660B4C /* Debug */ = {
			isa = XCBuildConfiguration;
			buildSettings = {
				ASSETCATALOG_COMPILER_APPICON_NAME = AppIcon;
				CODE_SIGN_STYLE = Automatic;
				DEVELOPMENT_TEAM = MM2C8HD34J;
				INFOPLIST_FILE = AcilDurum/Info.plist;
				LD_RUNPATH_SEARCH_PATHS = (
					"$(inherited)",
					"@executable_path/Frameworks",
				);
				PRODUCT_BUNDLE_IDENTIFIER = com.mdt.AcilDurum;
				PRODUCT_NAME = "$(TARGET_NAME)";
				SWIFT_VERSION = 4.2;
				TARGETED_DEVICE_FAMILY = "1,2";
			};
			name = Debug;
		};
		20AFAF5821FE791200660B4C /* Release */ = {
			isa = XCBuildConfiguration;
			buildSettings = {
				ASSETCATALOG_COMPILER_APPICON_NAME = AppIcon;
				CODE_SIGN_STYLE = Automatic;
				DEVELOPMENT_TEAM = MM2C8HD34J;
				INFOPLIST_FILE = AcilDurum/Info.plist;
				LD_RUNPATH_SEARCH_PATHS = (
					"$(inherited)",
					"@executable_path/Frameworks",
				);
				PRODUCT_BUNDLE_IDENTIFIER = com.mdt.AcilDurum;
				PRODUCT_NAME = "$(TARGET_NAME)";
				SWIFT_VERSION = 4.2;
				TARGETED_DEVICE_FAMILY = "1,2";
			};
			name = Release;
		};
/* End XCBuildConfiguration section */

/* Begin XCConfigurationList section */
		20AFAF3F21FE791000660B4C /* Build configuration list for PBXProject "AcilDurum" */ = {
			isa = XCConfigurationList;
			buildConfigurations = (
				20AFAF5421FE791200660B4C /* Debug */,
				20AFAF5521FE791200660B4C /* Release */,
			);
			defaultConfigurationIsVisible = 0;
			defaultConfigurationName = Release;
		};
		20AFAF5621FE791200660B4C /* Build configuration list for PBXNativeTarget "AcilDurum" */ = {
			isa = XCConfigurationList;
			buildConfigurations = (
				20AFAF5721FE791200660B4C /* Debug */,
				20AFAF5821FE791200660B4C /* Release */,
			);
			defaultConfigurationIsVisible = 0;
			defaultConfigurationName = Release;
		};
/* End XCConfigurationList section */
	};
	rootObject = 20AFAF3C21FE791000660B4C /* Project object */;
}
